
Microsoft Visual Studio Solution File, Format Version 12.00
# Visual Studio Version 17
VisualStudioVersion = 17.3.32825.248
MinimumVisualStudioVersion = 10.0.40219.1
Project("{8BC9CEB8-8B4A-11D0-8D11-00A0C91BC942}") = "P0919", "P0919\P0919.vcxproj", "{595F106D-A9E1-433A-BBDD-3B7865443485}"
EndProject
Project("{8BC9CEB8-8B4A-11D0-8D11-00A0C91BC942}") = "P0921", "P0921\P0921.vcxproj", "{F94AEB15-D5F3-40CB-B372-4CB810C740AD}"
EndProject
Project("{8BC9CEB8-8B4A-11D0-8D11-00A0C91BC942}") = "P0926", "P0926\P0926.vcxproj", "{C5FB6C14-9D00-4431-A4A8-672C208E2673}"
EndProject
Project("{8BC9CEB8-8B4A-11D0-8D11-00A0C91BC942}") = "P0928", "P0928\P0928.vcxproj", "{C5ADC79E-9719-4DFB-807F-79A8CB5A8EB5}"
EndProject
Project("{8BC9CEB8-8B4A-11D0-8D11-00A0C91BC942}") = "P1005", "P1005\P1005.vcxproj", "{4CF6CF81-C75B-4C77-B60E-C3309136E7BC}"
EndProject
Project("{8BC9CEB8-8B4A-11D0-8D11-00A0C91BC942}") = "P1012", "P1012\P1012.vcxproj", "{5FB67442-CEBE-4C13-B846-61E468ED6F12}"
EndProject
Project("{8BC9CEB8-8B4A-11D0-8D11-00A0C91BC942}") = "P1017", "P1017\P1017.vcxproj", "{E3324F95-5DE2-4D8B-9A1E-76F784766500}"
EndProject
Project("{8BC9CEB8-8B4A-11D0-8D11-00A0C91BC942}") = "S1017", "S1017\S1017.vcxproj", "{1A3F4FF4-4C00-4037-850D-B66F2047ADAD}"
EndProject
Project("{8BC9CEB8-8B4A-11D0-8D11-00A0C91BC942}") = "P1019", "P1019\P1019.vcxproj", "{DB9A4327-1330-456C-A35F-E38E93EBFA75}"
EndProject
Project("{8BC9CEB8-8B4A-11D0-8D11-00A0C91BC942}") = "P1024", "P1024\P1024.vcxproj", "{6E9B3805-C0C5-4542-B190-576DD586CD82}"
EndProject
Project("{8BC9CEB8-8B4A-11D0-8D11-00A0C91BC942}") = "S1024", "S1024\S1024.vcxproj", "{35123B8C-1590-417B-BCD3-AF9691D8BD70}"
EndProject
Project("{8BC9CEB8-8B4A-11D0-8D11-00A0C91BC942}") = "P1102", "P1102\P1102.vcxproj", "{E1EA51DF-EDA3-4663-B413-341528CACF96}"
EndProject
Project("{FAE04EC0-301F-11D3-BF4B-00C04F79EFBC}") = "P1102_S", "P1102_S\P1102_S.csproj", "{B6640128-B2C0-4DDA-8A10-52F646E22C40}"
EndProject
Global
	GlobalSection(SolutionConfigurationPlatforms) = preSolution
		Debug|Any CPU = Debug|Any CPU
		Debug|x64 = Debug|x64
		Debug|x86 = Debug|x86
		Release|Any CPU = Release|Any CPU
		Release|x64 = Release|x64
		Release|x86 = Release|x86
	EndGlobalSection
	GlobalSection(ProjectConfigurationPlatforms) = postSolution
		{595F106D-A9E1-433A-BBDD-3B7865443485}.Debug|Any CPU.ActiveCfg = Debug|x64
		{595F106D-A9E1-433A-BBDD-3B7865443485}.Debug|Any CPU.Build.0 = Debug|x64
		{595F106D-A9E1-433A-BBDD-3B7865443485}.Debug|x64.ActiveCfg = Debug|x64
		{595F106D-A9E1-433A-BBDD-3B7865443485}.Debug|x64.Build.0 = Debug|x64
		{595F106D-A9E1-433A-BBDD-3B7865443485}.Debug|x86.ActiveCfg = Debug|Win32
		{595F106D-A9E1-433A-BBDD-3B7865443485}.Debug|x86.Build.0 = Debug|Win32
		{595F106D-A9E1-433A-BBDD-3B7865443485}.Release|Any CPU.ActiveCfg = Release|x64
		{595F106D-A9E1-433A-BBDD-3B7865443485}.Release|Any CPU.Build.0 = Release|x64
		{595F106D-A9E1-433A-BBDD-3B7865443485}.Release|x64.ActiveCfg = Release|x64
		{595F106D-A9E1-433A-BBDD-3B7865443485}.Release|x64.Build.0 = Release|x64
		{595F106D-A9E1-433A-BBDD-3B7865443485}.Release|x86.ActiveCfg = Release|Win32
		{595F106D-A9E1-433A-BBDD-3B7865443485}.Release|x86.Build.0 = Release|Win32
		{F94AEB15-D5F3-40CB-B372-4CB810C740AD}.Debug|Any CPU.ActiveCfg = Debug|x64
		{F94AEB15-D5F3-40CB-B372-4CB810C740AD}.Debug|Any CPU.Build.0 = Debug|x64
		{F94AEB15-D5F3-40CB-B372-4CB810C740AD}.Debug|x64.ActiveCfg = Debug|x64
		{F94AEB15-D5F3-40CB-B372-4CB810C740AD}.Debug|x64.Build.0 = Debug|x64
		{F94AEB15-D5F3-40CB-B372-4CB810C740AD}.Debug|x86.ActiveCfg = Debug|Win32
		{F94AEB15-D5F3-40CB-B372-4CB810C740AD}.Debug|x86.Build.0 = Debug|Win32
		{F94AEB15-D5F3-40CB-B372-4CB810C740AD}.Release|Any CPU.ActiveCfg = Release|x64
		{F94AEB15-D5F3-40CB-B372-4CB810C740AD}.Release|Any CPU.Build.0 = Release|x64
		{F94AEB15-D5F3-40CB-B372-4CB810C740AD}.Release|x64.ActiveCfg = Release|x64
		{F94AEB15-D5F3-40CB-B372-4CB810C740AD}.Release|x64.Build.0 = Release|x64
		{F94AEB15-D5F3-40CB-B372-4CB810C740AD}.Release|x86.ActiveCfg = Release|Win32
		{F94AEB15-D5F3-40CB-B372-4CB810C740AD}.Release|x86.Build.0 = Release|Win32
		{C5FB6C14-9D00-4431-A4A8-672C208E2673}.Debug|Any CPU.ActiveCfg = Debug|x64
		{C5FB6C14-9D00-4431-A4A8-672C208E2673}.Debug|Any CPU.Build.0 = Debug|x64
		{C5FB6C14-9D00-4431-A4A8-672C208E2673}.Debug|x64.ActiveCfg = Debug|x64
		{C5FB6C14-9D00-4431-A4A8-672C208E2673}.Debug|x64.Build.0 = Debug|x64
		{C5FB6C14-9D00-4431-A4A8-672C208E2673}.Debug|x86.ActiveCfg = Debug|Win32
		{C5FB6C14-9D00-4431-A4A8-672C208E2673}.Debug|x86.Build.0 = Debug|Win32
		{C5FB6C14-9D00-4431-A4A8-672C208E2673}.Release|Any CPU.ActiveCfg = Release|x64
		{C5FB6C14-9D00-4431-A4A8-672C208E2673}.Release|Any CPU.Build.0 = Release|x64
		{C5FB6C14-9D00-4431-A4A8-672C208E2673}.Release|x64.ActiveCfg = Release|x64
		{C5FB6C14-9D00-4431-A4A8-672C208E2673}.Release|x64.Build.0 = Release|x64
		{C5FB6C14-9D00-4431-A4A8-672C208E2673}.Release|x86.ActiveCfg = Release|Win32
		{C5FB6C14-9D00-4431-A4A8-672C208E2673}.Release|x86.Build.0 = Release|Win32
		{C5ADC79E-9719-4DFB-807F-79A8CB5A8EB5}.Debug|Any CPU.ActiveCfg = Debug|x64
		{C5ADC79E-9719-4DFB-807F-79A8CB5A8EB5}.Debug|Any CPU.Build.0 = Debug|x64
		{C5ADC79E-9719-4DFB-807F-79A8CB5A8EB5}.Debug|x64.ActiveCfg = Debug|x64
		{C5ADC79E-9719-4DFB-807F-79A8CB5A8EB5}.Debug|x64.Build.0 = Debug|x64
		{C5ADC79E-9719-4DFB-807F-79A8CB5A8EB5}.Debug|x86.ActiveCfg = Debug|Win32
		{C5ADC79E-9719-4DFB-807F-79A8CB5A8EB5}.Debug|x86.Build.0 = Debug|Win32
		{C5ADC79E-9719-4DFB-807F-79A8CB5A8EB5}.Release|Any CPU.ActiveCfg = Release|x64
		{C5ADC79E-9719-4DFB-807F-79A8CB5A8EB5}.Release|Any CPU.Build.0 = Release|x64
		{C5ADC79E-9719-4DFB-807F-79A8CB5A8EB5}.Release|x64.ActiveCfg = Release|x64
		{C5ADC79E-9719-4DFB-807F-79A8CB5A8EB5}.Release|x64.Build.0 = Release|x64
		{C5ADC79E-9719-4DFB-807F-79A8CB5A8EB5}.Release|x86.ActiveCfg = Release|Win32
		{C5ADC79E-9719-4DFB-807F-79A8CB5A8EB5}.Release|x86.Build.0 = Release|Win32
		{4CF6CF81-C75B-4C77-B60E-C3309136E7BC}.Debug|Any CPU.ActiveCfg = Debug|x64
		{4CF6CF81-C75B-4C77-B60E-C3309136E7BC}.Debug|Any CPU.Build.0 = Debug|x64
		{4CF6CF81-C75B-4C77-B60E-C3309136E7BC}.Debug|x64.ActiveCfg = Debug|x64
		{4CF6CF81-C75B-4C77-B60E-C3309136E7BC}.Debug|x64.Build.0 = Debug|x64
		{4CF6CF81-C75B-4C77-B60E-C3309136E7BC}.Debug|x86.ActiveCfg = Debug|Win32
		{4CF6CF81-C75B-4C77-B60E-C3309136E7BC}.Debug|x86.Build.0 = Debug|Win32
		{4CF6CF81-C75B-4C77-B60E-C3309136E7BC}.Release|Any CPU.ActiveCfg = Release|x64
		{4CF6CF81-C75B-4C77-B60E-C3309136E7BC}.Release|Any CPU.Build.0 = Release|x64
		{4CF6CF81-C75B-4C77-B60E-C3309136E7BC}.Release|x64.ActiveCfg = Release|x64
		{4CF6CF81-C75B-4C77-B60E-C3309136E7BC}.Release|x64.Build.0 = Release|x64
		{4CF6CF81-C75B-4C77-B60E-C3309136E7BC}.Release|x86.ActiveCfg = Release|Win32
		{4CF6CF81-C75B-4C77-B60E-C3309136E7BC}.Release|x86.Build.0 = Release|Win32
		{5FB67442-CEBE-4C13-B846-61E468ED6F12}.Debug|Any CPU.ActiveCfg = Debug|x64
		{5FB67442-CEBE-4C13-B846-61E468ED6F12}.Debug|Any CPU.Build.0 = Debug|x64
		{5FB67442-CEBE-4C13-B846-61E468ED6F12}.Debug|x64.ActiveCfg = Debug|x64
		{5FB67442-CEBE-4C13-B846-61E468ED6F12}.Debug|x64.Build.0 = Debug|x64
		{5FB67442-CEBE-4C13-B846-61E468ED6F12}.Debug|x86.ActiveCfg = Debug|Win32
		{5FB67442-CEBE-4C13-B846-61E468ED6F12}.Debug|x86.Build.0 = Debug|Win32
		{5FB67442-CEBE-4C13-B846-61E468ED6F12}.Release|Any CPU.ActiveCfg = Release|x64
		{5FB67442-CEBE-4C13-B846-61E468ED6F12}.Release|Any CPU.Build.0 = Release|x64
		{5FB67442-CEBE-4C13-B846-61E468ED6F12}.Release|x64.ActiveCfg = Release|x64
		{5FB67442-CEBE-4C13-B846-61E468ED6F12}.Release|x64.Build.0 = Release|x64
		{5FB67442-CEBE-4C13-B846-61E468ED6F12}.Release|x86.ActiveCfg = Release|Win32
		{5FB67442-CEBE-4C13-B846-61E468ED6F12}.Release|x86.Build.0 = Release|Win32
		{E3324F95-5DE2-4D8B-9A1E-76F784766500}.Debug|Any CPU.ActiveCfg = Debug|x64
		{E3324F95-5DE2-4D8B-9A1E-76F784766500}.Debug|Any CPU.Build.0 = Debug|x64
		{E3324F95-5DE2-4D8B-9A1E-76F784766500}.Debug|x64.ActiveCfg = Debug|x64
		{E3324F95-5DE2-4D8B-9A1E-76F784766500}.Debug|x64.Build.0 = Debug|x64
		{E3324F95-5DE2-4D8B-9A1E-76F784766500}.Debug|x86.ActiveCfg = Debug|Win32
		{E3324F95-5DE2-4D8B-9A1E-76F784766500}.Debug|x86.Build.0 = Debug|Win32
		{E3324F95-5DE2-4D8B-9A1E-76F784766500}.Release|Any CPU.ActiveCfg = Release|x64
		{E3324F95-5DE2-4D8B-9A1E-76F784766500}.Release|Any CPU.Build.0 = Release|x64
		{E3324F95-5DE2-4D8B-9A1E-76F784766500}.Release|x64.ActiveCfg = Release|x64
		{E3324F95-5DE2-4D8B-9A1E-76F784766500}.Release|x64.Build.0 = Release|x64
		{E3324F95-5DE2-4D8B-9A1E-76F784766500}.Release|x86.ActiveCfg = Release|Win32
		{E3324F95-5DE2-4D8B-9A1E-76F784766500}.Release|x86.Build.0 = Release|Win32
		{1A3F4FF4-4C00-4037-850D-B66F2047ADAD}.Debug|Any CPU.ActiveCfg = Debug|x64
		{1A3F4FF4-4C00-4037-850D-B66F2047ADAD}.Debug|Any CPU.Build.0 = Debug|x64
		{1A3F4FF4-4C00-4037-850D-B66F2047ADAD}.Debug|x64.ActiveCfg = Debug|x64
		{1A3F4FF4-4C00-4037-850D-B66F2047ADAD}.Debug|x64.Build.0 = Debug|x64
		{1A3F4FF4-4C00-4037-850D-B66F2047ADAD}.Debug|x86.ActiveCfg = Debug|Win32
		{1A3F4FF4-4C00-4037-850D-B66F2047ADAD}.Debug|x86.Build.0 = Debug|Win32
		{1A3F4FF4-4C00-4037-850D-B66F2047ADAD}.Release|Any CPU.ActiveCfg = Release|x64
		{1A3F4FF4-4C00-4037-850D-B66F2047ADAD}.Release|Any CPU.Build.0 = Release|x64
		{1A3F4FF4-4C00-4037-850D-B66F2047ADAD}.Release|x64.ActiveCfg = Release|x64
		{1A3F4FF4-4C00-4037-850D-B66F2047ADAD}.Release|x64.Build.0 = Release|x64
		{1A3F4FF4-4C00-4037-850D-B66F2047ADAD}.Release|x86.ActiveCfg = Release|Win32
		{1A3F4FF4-4C00-4037-850D-B66F2047ADAD}.Release|x86.Build.0 = Release|Win32
		{DB9A4327-1330-456C-A35F-E38E93EBFA75}.Debug|Any CPU.ActiveCfg = Debug|x64
		{DB9A4327-1330-456C-A35F-E38E93EBFA75}.Debug|Any CPU.Build.0 = Debug|x64
		{DB9A4327-1330-456C-A35F-E38E93EBFA75}.Debug|x64.ActiveCfg = Debug|x64
		{DB9A4327-1330-456C-A35F-E38E93EBFA75}.Debug|x64.Build.0 = Debug|x64
		{DB9A4327-1330-456C-A35F-E38E93EBFA75}.Debug|x86.ActiveCfg = Debug|Win32
		{DB9A4327-1330-456C-A35F-E38E93EBFA75}.Debug|x86.Build.0 = Debug|Win32
		{DB9A4327-1330-456C-A35F-E38E93EBFA75}.Release|Any CPU.ActiveCfg = Release|x64
		{DB9A4327-1330-456C-A35F-E38E93EBFA75}.Release|Any CPU.Build.0 = Release|x64
		{DB9A4327-1330-456C-A35F-E38E93EBFA75}.Release|x64.ActiveCfg = Release|x64
		{DB9A4327-1330-456C-A35F-E38E93EBFA75}.Release|x64.Build.0 = Release|x64
		{DB9A4327-1330-456C-A35F-E38E93EBFA75}.Release|x86.ActiveCfg = Release|Win32
		{DB9A4327-1330-456C-A35F-E38E93EBFA75}.Release|x86.Build.0 = Release|Win32
		{6E9B3805-C0C5-4542-B190-576DD586CD82}.Debug|Any CPU.ActiveCfg = Debug|x64
		{6E9B3805-C0C5-4542-B190-576DD586CD82}.Debug|Any CPU.Build.0 = Debug|x64
		{6E9B3805-C0C5-4542-B190-576DD586CD82}.Debug|x64.ActiveCfg = Debug|x64
		{6E9B3805-C0C5-4542-B190-576DD586CD82}.Debug|x64.Build.0 = Debug|x64
		{6E9B3805-C0C5-4542-B190-576DD586CD82}.Debug|x86.ActiveCfg = Debug|Win32
		{6E9B3805-C0C5-4542-B190-576DD586CD82}.Debug|x86.Build.0 = Debug|Win32
		{6E9B3805-C0C5-4542-B190-576DD586CD82}.Release|Any CPU.ActiveCfg = Release|x64
		{6E9B3805-C0C5-4542-B190-576DD586CD82}.Release|Any CPU.Build.0 = Release|x64
		{6E9B3805-C0C5-4542-B190-576DD586CD82}.Release|x64.ActiveCfg = Release|x64
		{6E9B3805-C0C5-4542-B190-576DD586CD82}.Release|x64.Build.0 = Release|x64
		{6E9B3805-C0C5-4542-B190-576DD586CD82}.Release|x86.ActiveCfg = Release|Win32
		{6E9B3805-C0C5-4542-B190-576DD586CD82}.Release|x86.Build.0 = Release|Win32
		{35123B8C-1590-417B-BCD3-AF9691D8BD70}.Debug|Any CPU.ActiveCfg = Debug|x64
		{35123B8C-1590-417B-BCD3-AF9691D8BD70}.Debug|Any CPU.Build.0 = Debug|x64
		{35123B8C-1590-417B-BCD3-AF9691D8BD70}.Debug|x64.ActiveCfg = Debug|x64
		{35123B8C-1590-417B-BCD3-AF9691D8BD70}.Debug|x64.Build.0 = Debug|x64
		{35123B8C-1590-417B-BCD3-AF9691D8BD70}.Debug|x86.ActiveCfg = Debug|Win32
		{35123B8C-1590-417B-BCD3-AF9691D8BD70}.Debug|x86.Build.0 = Debug|Win32
		{35123B8C-1590-417B-BCD3-AF9691D8BD70}.Release|Any CPU.ActiveCfg = Release|x64
		{35123B8C-1590-417B-BCD3-AF9691D8BD70}.Release|Any CPU.Build.0 = Release|x64
		{35123B8C-1590-417B-BCD3-AF9691D8BD70}.Release|x64.ActiveCfg = Release|x64
		{35123B8C-1590-417B-BCD3-AF9691D8BD70}.Release|x64.Build.0 = Release|x64
		{35123B8C-1590-417B-BCD3-AF9691D8BD70}.Release|x86.ActiveCfg = Release|Win32
		{35123B8C-1590-417B-BCD3-AF9691D8BD70}.Release|x86.Build.0 = Release|Win32
		{E1EA51DF-EDA3-4663-B413-341528CACF96}.Debug|Any CPU.ActiveCfg = Debug|x64
		{E1EA51DF-EDA3-4663-B413-341528CACF96}.Debug|Any CPU.Build.0 = Debug|x64
		{E1EA51DF-EDA3-4663-B413-341528CACF96}.Debug|x64.ActiveCfg = Debug|x64
		{E1EA51DF-EDA3-4663-B413-341528CACF96}.Debug|x64.Build.0 = Debug|x64
		{E1EA51DF-EDA3-4663-B413-341528CACF96}.Debug|x86.ActiveCfg = Debug|Win32
		{E1EA51DF-EDA3-4663-B413-341528CACF96}.Debug|x86.Build.0 = Debug|Win32
		{E1EA51DF-EDA3-4663-B413-341528CACF96}.Release|Any CPU.ActiveCfg = Release|x64
		{E1EA51DF-EDA3-4663-B413-341528CACF96}.Release|Any CPU.Build.0 = Release|x64
		{E1EA51DF-EDA3-4663-B413-341528CACF96}.Release|x64.ActiveCfg = Release|x64
		{E1EA51DF-EDA3-4663-B413-341528CACF96}.Release|x64.Build.0 = Release|x64
		{E1EA51DF-EDA3-4663-B413-341528CACF96}.Release|x86.ActiveCfg = Release|Win32
		{E1EA51DF-EDA3-4663-B413-341528CACF96}.Release|x86.Build.0 = Release|Win32
		{B6640128-B2C0-4DDA-8A10-52F646E22C40}.Debug|Any CPU.ActiveCfg = Debug|Any CPU
		{B6640128-B2C0-4DDA-8A10-52F646E22C40}.Debug|Any CPU.Build.0 = Debug|Any CPU
		{B6640128-B2C0-4DDA-8A10-52F646E22C40}.Debug|x64.ActiveCfg = Debug|Any CPU
		{B6640128-B2C0-4DDA-8A10-52F646E22C40}.Debug|x64.Build.0 = Debug|Any CPU
		{B6640128-B2C0-4DDA-8A10-52F646E22C40}.Debug|x86.ActiveCfg = Debug|Any CPU
		{B6640128-B2C0-4DDA-8A10-52F646E22C40}.Debug|x86.Build.0 = Debug|Any CPU
		{B6640128-B2C0-4DDA-8A10-52F646E22C40}.Release|Any CPU.ActiveCfg = Release|Any CPU
		{B6640128-B2C0-4DDA-8A10-52F646E22C40}.Release|Any CPU.Build.0 = Release|Any CPU
		{B6640128-B2C0-4DDA-8A10-52F646E22C40}.Release|x64.ActiveCfg = Release|Any CPU
		{B6640128-B2C0-4DDA-8A10-52F646E22C40}.Release|x64.Build.0 = Release|Any CPU
		{B6640128-B2C0-4DDA-8A10-52F646E22C40}.Release|x86.ActiveCfg = Release|Any CPU
		{B6640128-B2C0-4DDA-8A10-52F646E22C40}.Release|x86.Build.0 = Release|Any CPU
	EndGlobalSection
	GlobalSection(SolutionProperties) = preSolution
		HideSolutionNode = FALSE
	EndGlobalSection
	GlobalSection(ExtensibilityGlobals) = postSolution
		SolutionGuid = {5345FA6C-B711-4365-BEF5-3F8B20609E49}
	EndGlobalSection
EndGlobal
