
Microsoft Visual Studio Solution File, Format Version 12.00
# Visual Studio Version 17
VisualStudioVersion = 17.3.32825.248
MinimumVisualStudioVersion = 10.0.40219.1
Project("{8BC9CEB8-8B4A-11D0-8D11-00A0C91BC942}") = "P0919", "P0919\P0919.vcxproj", "{595F106D-A9E1-433A-BBDD-3B7865443485}"
EndProject
Project("{8BC9CEB8-8B4A-11D0-8D11-00A0C91BC942}") = "P0921", "P0921\P0921.vcxproj", "{F94AEB15-D5F3-40CB-B372-4CB810C740AD}"
EndProject
Project("{8BC9CEB8-8B4A-11D0-8D11-00A0C91BC942}") = "P0926", "P0926\P0926.vcxproj", "{C5FB6C14-9D00-4431-A4A8-672C208E2673}"
EndProject
Project("{8BC9CEB8-8B4A-11D0-8D11-00A0C91BC942}") = "P0928", "P0928\P0928.vcxproj", "{C5ADC79E-9719-4DFB-807F-79A8CB5A8EB5}"
EndProject
Project("{8BC9CEB8-8B4A-11D0-8D11-00A0C91BC942}") = "P1005", "P1005\P1005.vcxproj", "{4CF6CF81-C75B-4C77-B60E-C3309136E7BC}"
EndProject
Global
	GlobalSection(SolutionConfigurationPlatforms) = preSolution
		Debug|x64 = Debug|x64
		Debug|x86 = Debug|x86
		Release|x64 = Release|x64
		Release|x86 = Release|x86
	EndGlobalSection
	GlobalSection(ProjectConfigurationPlatforms) = postSolution
		{595F106D-A9E1-433A-BBDD-3B7865443485}.Debug|x64.ActiveCfg = Debug|x64
		{595F106D-A9E1-433A-BBDD-3B7865443485}.Debug|x64.Build.0 = Debug|x64
		{595F106D-A9E1-433A-BBDD-3B7865443485}.Debug|x86.ActiveCfg = Debug|Win32
		{595F106D-A9E1-433A-BBDD-3B7865443485}.Debug|x86.Build.0 = Debug|Win32
		{595F106D-A9E1-433A-BBDD-3B7865443485}.Release|x64.ActiveCfg = Release|x64
		{595F106D-A9E1-433A-BBDD-3B7865443485}.Release|x64.Build.0 = Release|x64
		{595F106D-A9E1-433A-BBDD-3B7865443485}.Release|x86.ActiveCfg = Release|Win32
		{595F106D-A9E1-433A-BBDD-3B7865443485}.Release|x86.Build.0 = Release|Win32
		{F94AEB15-D5F3-40CB-B372-4CB810C740AD}.Debug|x64.ActiveCfg = Debug|x64
		{F94AEB15-D5F3-40CB-B372-4CB810C740AD}.Debug|x64.Build.0 = Debug|x64
		{F94AEB15-D5F3-40CB-B372-4CB810C740AD}.Debug|x86.ActiveCfg = Debug|Win32
		{F94AEB15-D5F3-40CB-B372-4CB810C740AD}.Debug|x86.Build.0 = Debug|Win32
		{F94AEB15-D5F3-40CB-B372-4CB810C740AD}.Release|x64.ActiveCfg = Release|x64
		{F94AEB15-D5F3-40CB-B372-4CB810C740AD}.Release|x64.Build.0 = Release|x64
		{F94AEB15-D5F3-40CB-B372-4CB810C740AD}.Release|x86.ActiveCfg = Release|Win32
		{F94AEB15-D5F3-40CB-B372-4CB810C740AD}.Release|x86.Build.0 = Release|Win32
		{C5FB6C14-9D00-4431-A4A8-672C208E2673}.Debug|x64.ActiveCfg = Debug|x64
		{C5FB6C14-9D00-4431-A4A8-672C208E2673}.Debug|x64.Build.0 = Debug|x64
		{C5FB6C14-9D00-4431-A4A8-672C208E2673}.Debug|x86.ActiveCfg = Debug|Win32
		{C5FB6C14-9D00-4431-A4A8-672C208E2673}.Debug|x86.Build.0 = Debug|Win32
		{C5FB6C14-9D00-4431-A4A8-672C208E2673}.Release|x64.ActiveCfg = Release|x64
		{C5FB6C14-9D00-4431-A4A8-672C208E2673}.Release|x64.Build.0 = Release|x64
		{C5FB6C14-9D00-4431-A4A8-672C208E2673}.Release|x86.ActiveCfg = Release|Win32
		{C5FB6C14-9D00-4431-A4A8-672C208E2673}.Release|x86.Build.0 = Release|Win32
		{C5ADC79E-9719-4DFB-807F-79A8CB5A8EB5}.Debug|x64.ActiveCfg = Debug|x64
		{C5ADC79E-9719-4DFB-807F-79A8CB5A8EB5}.Debug|x64.Build.0 = Debug|x64
		{C5ADC79E-9719-4DFB-807F-79A8CB5A8EB5}.Debug|x86.ActiveCfg = Debug|Win32
		{C5ADC79E-9719-4DFB-807F-79A8CB5A8EB5}.Debug|x86.Build.0 = Debug|Win32
		{C5ADC79E-9719-4DFB-807F-79A8CB5A8EB5}.Release|x64.ActiveCfg = Release|x64
		{C5ADC79E-9719-4DFB-807F-79A8CB5A8EB5}.Release|x64.Build.0 = Release|x64
		{C5ADC79E-9719-4DFB-807F-79A8CB5A8EB5}.Release|x86.ActiveCfg = Release|Win32
		{C5ADC79E-9719-4DFB-807F-79A8CB5A8EB5}.Release|x86.Build.0 = Release|Win32
		{4CF6CF81-C75B-4C77-B60E-C3309136E7BC}.Debug|x64.ActiveCfg = Debug|x64
		{4CF6CF81-C75B-4C77-B60E-C3309136E7BC}.Debug|x64.Build.0 = Debug|x64
		{4CF6CF81-C75B-4C77-B60E-C3309136E7BC}.Debug|x86.ActiveCfg = Debug|Win32
		{4CF6CF81-C75B-4C77-B60E-C3309136E7BC}.Debug|x86.Build.0 = Debug|Win32
		{4CF6CF81-C75B-4C77-B60E-C3309136E7BC}.Release|x64.ActiveCfg = Release|x64
		{4CF6CF81-C75B-4C77-B60E-C3309136E7BC}.Release|x64.Build.0 = Release|x64
		{4CF6CF81-C75B-4C77-B60E-C3309136E7BC}.Release|x86.ActiveCfg = Release|Win32
		{4CF6CF81-C75B-4C77-B60E-C3309136E7BC}.Release|x86.Build.0 = Release|Win32
	EndGlobalSection
	GlobalSection(SolutionProperties) = preSolution
		HideSolutionNode = FALSE
	EndGlobalSection
	GlobalSection(ExtensibilityGlobals) = postSolution
		SolutionGuid = {5345FA6C-B711-4365-BEF5-3F8B20609E49}
	EndGlobalSection
EndGlobal
